
Microsoft Visual Studio Solution File, Format Version 12.00
# Visual Studio Version 16
VisualStudioVersion = 16.0.29209.62
MinimumVisualStudioVersion = 10.0.40219.1
Project("{FAE04EC0-301F-11D3-BF4B-00C04F79EFBC}") = "Dict.cs", "Dict.cs\Dict.cs.csproj", "{86EB5C20-2FF3-4FD3-B7E8-8AA2CF4B04A8}"
EndProject
Project("{FAE04EC0-301F-11D3-BF4B-00C04F79EFBC}") = "DictCSTester", "DictCSTester\DictCSTester.csproj", "{35696D5C-AD67-43A6-A0C7-A0AC24ACC550}"
EndProject
Global
	GlobalSection(SolutionConfigurationPlatforms) = preSolution
		Debug|Any CPU = Debug|Any CPU
		Release|Any CPU = Release|Any CPU
	EndGlobalSection
	GlobalSection(ProjectConfigurationPlatforms) = postSolution
		{86EB5C20-2FF3-4FD3-B7E8-8AA2CF4B04A8}.Debug|Any CPU.ActiveCfg = Debug|Any CPU
		{86EB5C20-2FF3-4FD3-B7E8-8AA2CF4B04A8}.Debug|Any CPU.Build.0 = Debug|Any CPU
		{86EB5C20-2FF3-4FD3-B7E8-8AA2CF4B04A8}.Release|Any CPU.ActiveCfg = Release|Any CPU
		{86EB5C20-2FF3-4FD3-B7E8-8AA2CF4B04A8}.Release|Any CPU.Build.0 = Release|Any CPU
		{35696D5C-AD67-43A6-A0C7-A0AC24ACC550}.Debug|Any CPU.ActiveCfg = Debug|Any CPU
		{35696D5C-AD67-43A6-A0C7-A0AC24ACC550}.Debug|Any CPU.Build.0 = Debug|Any CPU
		{35696D5C-AD67-43A6-A0C7-A0AC24ACC550}.Release|Any CPU.ActiveCfg = Release|Any CPU
		{35696D5C-AD67-43A6-A0C7-A0AC24ACC550}.Release|Any CPU.Build.0 = Release|Any CPU
	EndGlobalSection
	GlobalSection(SolutionProperties) = preSolution
		HideSolutionNode = FALSE
	EndGlobalSection
	GlobalSection(ExtensibilityGlobals) = postSolution
		SolutionGuid = {FD4A1BD6-AF34-419F-8D06-C928D422A839}
	EndGlobalSection
EndGlobal
